{
	"name": "@deephaven/components",
	"version": "0.9.1",
	"lockfileVersion": 1,
	"requires": true,
	"dependencies": {
		"@babel/runtime": {
			"version": "7.14.0",
			"resolved": "https://registry.npmjs.org/@babel/runtime/-/runtime-7.14.0.tgz",
			"integrity": "sha512-JELkvo/DlpNdJ7dlyw/eY7E0suy5i5GQH+Vlxaq1nsNJ+H7f4Vtv3jMeCEgRhZZQFXTjldYfQgv2qmM6M1v5wA==",
			"requires": {
				"regenerator-runtime": "^0.13.4"
			}
		},
		"bootstrap": {
			"version": "4.4.1",
			"resolved": "https://registry.npmjs.org/bootstrap/-/bootstrap-4.4.1.tgz",
			"integrity": "sha512-tbx5cHubwE6e2ZG7nqM3g/FZ5PQEDMWmMGNrCUBVRPHXTJaH7CBDdsLeu3eCh3B1tzAxTnAbtmrzvWEvT2NNEA=="
		},
		"memoize-one": {
			"version": "5.2.1",
			"resolved": "https://registry.npmjs.org/memoize-one/-/memoize-one-5.2.1.tgz",
			"integrity": "sha512-zYiwtZUcYyXKo/np96AGZAckk+FWWsUdJ3cHGGmld7+AhvcWmQyGCYUh1hc4Q/pkOhb65dQR/pqCyK0cOaHz4Q=="
		},
		"react-virtualized-auto-sizer": {
			"version": "1.0.5",
			"resolved": "https://registry.npmjs.org/react-virtualized-auto-sizer/-/react-virtualized-auto-sizer-1.0.5.tgz",
			"integrity": "sha512-kivjYVWX15TX2IUrm8F1jaCEX8EXrpy3DD+u41WGqJ1ZqbljWpiwscV+VxOM1l7sSIM1jwi2LADjhhAJkJ9dxA=="
		},
		"react-window": {
			"version": "1.8.6",
			"resolved": "https://registry.npmjs.org/react-window/-/react-window-1.8.6.tgz",
			"integrity": "sha512-8VwEEYyjz6DCnGBsd+MgkD0KJ2/OXFULyDtorIiTz+QzwoP94tBoA7CnbtyXMm+cCeAUER5KJcPtWl9cpKbOBg==",
			"requires": {
				"@babel/runtime": "^7.0.0",
				"memoize-one": ">=3.1.1 <6"
			}
		},
		"regenerator-runtime": {
			"version": "0.13.7",
			"resolved": "https://registry.npmjs.org/regenerator-runtime/-/regenerator-runtime-0.13.7.tgz",
			"integrity": "sha512-a54FxoJDIr27pgf7IgeQGxmqUNYrcV338lf/6gH456HZ/PhX+5BcwHXG9ajESmwe6WRO0tAzRUrRmNONWgkrew=="
		}
	}
}
