{
	"name": "@deephaven/code-studio",
	"version": "0.9.0",
	"lockfileVersion": 1,
	"requires": true,
	"dependencies": {
		"@types/node": {
			"version": "14.17.15",
			"resolved": "https://registry.npmjs.org/@types/node/-/node-14.17.15.tgz",
			"integrity": "sha512-D1sdW0EcSCmNdLKBGMYb38YsHUS6JcM7yQ6sLQ9KuZ35ck7LYCKE7kYFHOO59ayFOY3zobWVZxf4KXhYHcHYFA==",
			"dev": true
		},
		"fira": {
			"version": "github:mozilla/fira#48a8d0a0354e933c0d1cfcf9feb07ccb00eb6fa9",
			"from": "github:mozilla/fira#4.202"
		}
	}
}
