{
	"name": "@deephaven/code-studio",
	"version": "0.11.1",
	"lockfileVersion": 1,
	"requires": true,
	"dependencies": {
		"@types/node": {
			"version": "14.17.15",
			"resolved": "https://registry.npmjs.org/@types/node/-/node-14.17.15.tgz",
			"integrity": "sha512-D1sdW0EcSCmNdLKBGMYb38YsHUS6JcM7yQ6sLQ9KuZ35ck7LYCKE7kYFHOO59ayFOY3zobWVZxf4KXhYHcHYFA==",
			"dev": true
		},
		"fira": {
			"version": "github:mozilla/fira#48a8d0a0354e933c0d1cfcf9feb07ccb00eb6fa9",
			"from": "github:mozilla/fira#4.202"
		},
		"regenerator-runtime": {
			"version": "0.13.9",
			"resolved": "https://registry.npmjs.org/regenerator-runtime/-/regenerator-runtime-0.13.9.tgz",
			"integrity": "sha512-p3VT+cOEgxFsRRA9X4lkI1E+k2/CtnKtU4gcxyaCUreilL/vqI6CdZ3wxVUx3UOUg+gnUOQQcRI7BmSI656MYA=="
		}
	}
}
