{
	"name": "@deephaven/code-studio",
	"version": "0.3.1",
	"lockfileVersion": 1,
	"requires": true,
	"dependencies": {
		"webdav": {
			"version": "4.6.1",
			"resolved": "https://registry.npmjs.org/webdav/-/webdav-4.6.1.tgz",
			"integrity": "sha512-fjFnJHHGsmkf3ool8DjybH/LL+9gLKRLB3a5EV6V+FsqIwf/rNPKmUYu1Wc1vWOTf1EnOdf/oeLp75jyLrkOHQ==",
			"requires": {
				"axios": "^0.21.1",
				"base-64": "^1.0.0",
				"fast-xml-parser": "^3.19.0",
				"he": "^1.2.0",
				"hot-patcher": "^0.5.0",
				"layerr": "^0.1.2",
				"md5": "^2.3.0",
				"minimatch": "^3.0.4",
				"nested-property": "^4.0.0",
				"path-posix": "^1.0.0",
				"url-join": "^4.0.1",
				"url-parse": "^1.5.1"
			},
			"dependencies": {
				"axios": {
					"version": "0.21.1",
					"resolved": "https://registry.npmjs.org/axios/-/axios-0.21.1.tgz",
					"integrity": "sha512-dKQiRHxGD9PPRIUNIWvZhPTPpl1rf/OxTYKsqKUDjBwYylTvV7SjSHJb9ratfyzM6wCdLCOYLzs73qpg5c4iGA==",
					"requires": {
						"follow-redirects": "^1.10.0"
					}
				},
				"balanced-match": {
					"version": "1.0.2",
					"resolved": "https://registry.npmjs.org/balanced-match/-/balanced-match-1.0.2.tgz",
					"integrity": "sha512-3oSeUO0TMV67hN1AmbXsK4yaqU7tjiHlbxRDZOpH0KW9+CeX4bRAaX0Anxt0tx2MrpRpWwQaPwIlISEJhYU5Pw=="
				},
				"base-64": {
					"version": "1.0.0",
					"resolved": "https://registry.npmjs.org/base-64/-/base-64-1.0.0.tgz",
					"integrity": "sha512-kwDPIFCGx0NZHog36dj+tHiwP4QMzsZ3AgMViUBKI0+V5n4U0ufTCUMhnQ04diaRI8EX/QcPfql7zlhZ7j4zgg=="
				},
				"brace-expansion": {
					"version": "1.1.11",
					"resolved": "https://registry.npmjs.org/brace-expansion/-/brace-expansion-1.1.11.tgz",
					"integrity": "sha512-iCuPHDFgrHX7H2vEI/5xpz07zSHB00TpugqhmYtVmMO6518mCuRMoOYFldEBl0g187ufozdaHgWKcYFb61qGiA==",
					"requires": {
						"balanced-match": "^1.0.0",
						"concat-map": "0.0.1"
					}
				},
				"charenc": {
					"version": "0.0.2",
					"resolved": "https://registry.npmjs.org/charenc/-/charenc-0.0.2.tgz",
					"integrity": "sha1-wKHS86cJLgN3S/qD8UwPxXkKhmc="
				},
				"concat-map": {
					"version": "0.0.1",
					"resolved": "https://registry.npmjs.org/concat-map/-/concat-map-0.0.1.tgz",
					"integrity": "sha1-2Klr13/Wjfd5OnMDajug1UBdR3s="
				},
				"crypt": {
					"version": "0.0.2",
					"resolved": "https://registry.npmjs.org/crypt/-/crypt-0.0.2.tgz",
					"integrity": "sha1-iNf/fsDfuG9xPch7u0LQRNPmxBs="
				},
				"fast-xml-parser": {
					"version": "3.19.0",
					"resolved": "https://registry.npmjs.org/fast-xml-parser/-/fast-xml-parser-3.19.0.tgz",
					"integrity": "sha512-4pXwmBplsCPv8FOY1WRakF970TjNGnGnfbOnLqjlYvMiF1SR3yOHyxMR/YCXpPTOspNF5gwudqktIP4VsWkvBg=="
				},
				"follow-redirects": {
					"version": "1.14.1",
					"resolved": "https://registry.npmjs.org/follow-redirects/-/follow-redirects-1.14.1.tgz",
					"integrity": "sha512-HWqDgT7ZEkqRzBvc2s64vSZ/hfOceEol3ac/7tKwzuvEyWx3/4UegXh5oBOIotkGsObyk3xznnSRVADBgWSQVg=="
				},
				"he": {
					"version": "1.2.0",
					"resolved": "https://registry.npmjs.org/he/-/he-1.2.0.tgz",
					"integrity": "sha512-F/1DnUGPopORZi0ni+CvrCgHQ5FyEAHRLSApuYWMmrbSwoN2Mn/7k+Gl38gJnR7yyDZk6WLXwiGod1JOWNDKGw=="
				},
				"hot-patcher": {
					"version": "0.5.0",
					"resolved": "https://registry.npmjs.org/hot-patcher/-/hot-patcher-0.5.0.tgz",
					"integrity": "sha512-2Uu2W0s8+dnqXzdlg0MRsRzPoDCs1wVjOGSyMRRaMzLDX4bgHw6xDYKccsWafXPPxQpkQfEjgW6+17pwcg60bw=="
				},
				"is-buffer": {
					"version": "1.1.6",
					"resolved": "https://registry.npmjs.org/is-buffer/-/is-buffer-1.1.6.tgz",
					"integrity": "sha512-NcdALwpXkTm5Zvvbk7owOUSvVvBKDgKP5/ewfXEznmQFfs4ZRmanOeKBTjRVjka3QFoN6XJ+9F3USqfHqTaU5w=="
				},
				"layerr": {
					"version": "0.1.2",
					"resolved": "https://registry.npmjs.org/layerr/-/layerr-0.1.2.tgz",
					"integrity": "sha512-ob5kTd9H3S4GOG2nVXyQhOu9O8nBgP555XxWPkJI0tR0JeRilfyTp8WtPdIJHLXBmHMSdEq5+KMxiYABeScsIQ=="
				},
				"md5": {
					"version": "2.3.0",
					"resolved": "https://registry.npmjs.org/md5/-/md5-2.3.0.tgz",
					"integrity": "sha512-T1GITYmFaKuO91vxyoQMFETst+O71VUPEU3ze5GNzDm0OWdP8v1ziTaAEPUr/3kLsY3Sftgz242A1SetQiDL7g==",
					"requires": {
						"charenc": "0.0.2",
						"crypt": "0.0.2",
						"is-buffer": "~1.1.6"
					}
				},
				"minimatch": {
					"version": "3.0.4",
					"resolved": "https://registry.npmjs.org/minimatch/-/minimatch-3.0.4.tgz",
					"integrity": "sha512-yJHVQEhyqPLUTgt9B83PXu6W3rx4MvvHvSUvToogpwoGDOUQ+yDrR0HRot+yOCdCO7u4hX3pWft6kWBBcqh0UA==",
					"requires": {
						"brace-expansion": "^1.1.7"
					}
				},
				"nested-property": {
					"version": "4.0.0",
					"resolved": "https://registry.npmjs.org/nested-property/-/nested-property-4.0.0.tgz",
					"integrity": "sha512-yFehXNWRs4cM0+dz7QxCd06hTbWbSkV0ISsqBfkntU6TOY4Qm3Q88fRRLOddkGh2Qq6dZvnKVAahfhjcUvLnyA=="
				},
				"path-posix": {
					"version": "1.0.0",
					"resolved": "https://registry.npmjs.org/path-posix/-/path-posix-1.0.0.tgz",
					"integrity": "sha1-BrJhE/Vr6rBCVFojv6iAA8ysJg8="
				},
				"querystringify": {
					"version": "2.2.0",
					"resolved": "https://registry.npmjs.org/querystringify/-/querystringify-2.2.0.tgz",
					"integrity": "sha512-FIqgj2EUvTa7R50u0rGsyTftzjYmv/a3hO345bZNrqabNqjtgiDMgmo4mkUjd+nzU5oF3dClKqFIPUKybUyqoQ=="
				},
				"requires-port": {
					"version": "1.0.0",
					"resolved": "https://registry.npmjs.org/requires-port/-/requires-port-1.0.0.tgz",
					"integrity": "sha1-kl0mAdOaxIXgkc8NpcbmlNw9yv8="
				},
				"url-join": {
					"version": "4.0.1",
					"resolved": "https://registry.npmjs.org/url-join/-/url-join-4.0.1.tgz",
					"integrity": "sha512-jk1+QP6ZJqyOiuEI9AEWQfju/nB2Pw466kbA0LEZljHwKeMgd9WrAEgEGxjPDD2+TNbbb37rTyhEfrCXfuKXnA=="
				},
				"url-parse": {
					"version": "1.5.3",
					"resolved": "https://registry.npmjs.org/url-parse/-/url-parse-1.5.3.tgz",
					"integrity": "sha512-IIORyIQD9rvj0A4CLWsHkBBJuNqWpFQe224b6j9t/ABmquIS0qDU2pY6kl6AuOrL5OkCXHMCFNe1jBcuAggjvQ==",
					"requires": {
						"querystringify": "^2.1.1",
						"requires-port": "^1.0.0"
					}
				}
			}
		}
	}
}
