{
  "name": "@deephaven/stylelint-config",
  "version": "0.4.0",
  "lockfileVersion": 1,
  "requires": true,
  "dependencies": {
    "stylelint-config-prettier": {
      "version": "8.0.2",
      "resolved": "https://registry.npmjs.org/stylelint-config-prettier/-/stylelint-config-prettier-8.0.2.tgz",
      "integrity": "sha512-TN1l93iVTXpF9NJstlvP7nOu9zY2k+mN0NSFQ/VEGz15ZIP9ohdDZTtCWHs5LjctAhSAzaILULGbgiM0ItId3A=="
    },
    "stylelint-config-recommended": {
      "version": "3.0.0",
      "resolved": "https://registry.npmjs.org/stylelint-config-recommended/-/stylelint-config-recommended-3.0.0.tgz",
      "integrity": "sha512-F6yTRuc06xr1h5Qw/ykb2LuFynJ2IxkKfCMf+1xqPffkxh0S09Zc902XCffcsw/XMFq/OzQ1w54fLIDtmRNHnQ=="
    },
    "stylelint-config-standard": {
      "version": "20.0.0",
      "resolved": "https://registry.npmjs.org/stylelint-config-standard/-/stylelint-config-standard-20.0.0.tgz",
      "integrity": "sha512-IB2iFdzOTA/zS4jSVav6z+wGtin08qfj+YyExHB3LF9lnouQht//YyB0KZq9gGz5HNPkddHOzcY8HsUey6ZUlA==",
      "requires": {
        "stylelint-config-recommended": "^3.0.0"
      }
    }
  }
}
