{
	"name": "@deephaven/jsapi-shim",
	"version": "0.6.0",
	"lockfileVersion": 1,
	"requires": true,
	"dependencies": {
		"@deephaven/tsconfig": {
			"version": "0.4.0",
			"resolved": "https://registry.npmjs.org/@deephaven/tsconfig/-/tsconfig-0.4.0.tgz",
			"integrity": "sha512-8zL8Oowq0ehfz7D4iEe6NrXmuC2wafHtgXcOf5PAOJOvBfbGOy71ga8PYTNg6J8JFdVbXWJOusPHjj5YbKpvOA==",
			"dev": true
		}
	}
}
